
Microsoft Visual Studio Solution File, Format Version 12.00
# Visual Studio 15
VisualStudioVersion = 15.0.28010.2026
MinimumVisualStudioVersion = 10.0.40219.1
Project("{FAE04EC0-301F-11D3-BF4B-00C04F79EFBC}") = "PoolWearable.Android", "PoolWearable\PoolWearable.Android\PoolWearable.Android.csproj", "{A21D2787-8CE5-43A4-A3C8-4CE327B77BA0}"
EndProject
Project("{FAE04EC0-301F-11D3-BF4B-00C04F79EFBC}") = "PoolWearable.iOS", "PoolWearable\PoolWearable.iOS\PoolWearable.iOS.csproj", "{A152050A-1A82-44C5-9B59-8825B77BCA28}"
EndProject
Project("{FAE04EC0-301F-11D3-BF4B-00C04F79EFBC}") = "PoolWearable", "PoolWearable\PoolWearable\PoolWearable.csproj", "{D1D8866A-BB02-4567-9EAE-23A105774D6D}"
EndProject
Global
	GlobalSection(SolutionConfigurationPlatforms) = preSolution
		Ad-Hoc|Any CPU = Ad-Hoc|Any CPU
		Ad-Hoc|iPhone = Ad-Hoc|iPhone
		Ad-Hoc|iPhoneSimulator = Ad-Hoc|iPhoneSimulator
		AppStore|Any CPU = AppStore|Any CPU
		AppStore|iPhone = AppStore|iPhone
		AppStore|iPhoneSimulator = AppStore|iPhoneSimulator
		Debug|Any CPU = Debug|Any CPU
		Debug|iPhone = Debug|iPhone
		Debug|iPhoneSimulator = Debug|iPhoneSimulator
		Release|Any CPU = Release|Any CPU
		Release|iPhone = Release|iPhone
		Release|iPhoneSimulator = Release|iPhoneSimulator
	EndGlobalSection
	GlobalSection(ProjectConfigurationPlatforms) = postSolution
		{A21D2787-8CE5-43A4-A3C8-4CE327B77BA0}.Ad-Hoc|Any CPU.ActiveCfg = Release|Any CPU
		{A21D2787-8CE5-43A4-A3C8-4CE327B77BA0}.Ad-Hoc|Any CPU.Build.0 = Release|Any CPU
		{A21D2787-8CE5-43A4-A3C8-4CE327B77BA0}.Ad-Hoc|Any CPU.Deploy.0 = Release|Any CPU
		{A21D2787-8CE5-43A4-A3C8-4CE327B77BA0}.Ad-Hoc|iPhone.ActiveCfg = Release|Any CPU
		{A21D2787-8CE5-43A4-A3C8-4CE327B77BA0}.Ad-Hoc|iPhone.Build.0 = Release|Any CPU
		{A21D2787-8CE5-43A4-A3C8-4CE327B77BA0}.Ad-Hoc|iPhone.Deploy.0 = Release|Any CPU
		{A21D2787-8CE5-43A4-A3C8-4CE327B77BA0}.Ad-Hoc|iPhoneSimulator.ActiveCfg = Release|Any CPU
		{A21D2787-8CE5-43A4-A3C8-4CE327B77BA0}.Ad-Hoc|iPhoneSimulator.Build.0 = Release|Any CPU
		{A21D2787-8CE5-43A4-A3C8-4CE327B77BA0}.Ad-Hoc|iPhoneSimulator.Deploy.0 = Release|Any CPU
		{A21D2787-8CE5-43A4-A3C8-4CE327B77BA0}.AppStore|Any CPU.ActiveCfg = Release|Any CPU
		{A21D2787-8CE5-43A4-A3C8-4CE327B77BA0}.AppStore|Any CPU.Build.0 = Release|Any CPU
		{A21D2787-8CE5-43A4-A3C8-4CE327B77BA0}.AppStore|Any CPU.Deploy.0 = Release|Any CPU
		{A21D2787-8CE5-43A4-A3C8-4CE327B77BA0}.AppStore|iPhone.ActiveCfg = Release|Any CPU
		{A21D2787-8CE5-43A4-A3C8-4CE327B77BA0}.AppStore|iPhone.Build.0 = Release|Any CPU
		{A21D2787-8CE5-43A4-A3C8-4CE327B77BA0}.AppStore|iPhone.Deploy.0 = Release|Any CPU
		{A21D2787-8CE5-43A4-A3C8-4CE327B77BA0}.AppStore|iPhoneSimulator.ActiveCfg = Release|Any CPU
		{A21D2787-8CE5-43A4-A3C8-4CE327B77BA0}.AppStore|iPhoneSimulator.Build.0 = Release|Any CPU
		{A21D2787-8CE5-43A4-A3C8-4CE327B77BA0}.AppStore|iPhoneSimulator.Deploy.0 = Release|Any CPU
		{A21D2787-8CE5-43A4-A3C8-4CE327B77BA0}.Debug|Any CPU.ActiveCfg = Debug|Any CPU
		{A21D2787-8CE5-43A4-A3C8-4CE327B77BA0}.Debug|Any CPU.Build.0 = Debug|Any CPU
		{A21D2787-8CE5-43A4-A3C8-4CE327B77BA0}.Debug|Any CPU.Deploy.0 = Debug|Any CPU
		{A21D2787-8CE5-43A4-A3C8-4CE327B77BA0}.Debug|iPhone.ActiveCfg = Debug|Any CPU
		{A21D2787-8CE5-43A4-A3C8-4CE327B77BA0}.Debug|iPhone.Build.0 = Debug|Any CPU
		{A21D2787-8CE5-43A4-A3C8-4CE327B77BA0}.Debug|iPhone.Deploy.0 = Debug|Any CPU
		{A21D2787-8CE5-43A4-A3C8-4CE327B77BA0}.Debug|iPhoneSimulator.ActiveCfg = Debug|Any CPU
		{A21D2787-8CE5-43A4-A3C8-4CE327B77BA0}.Debug|iPhoneSimulator.Build.0 = Debug|Any CPU
		{A21D2787-8CE5-43A4-A3C8-4CE327B77BA0}.Debug|iPhoneSimulator.Deploy.0 = Debug|Any CPU
		{A21D2787-8CE5-43A4-A3C8-4CE327B77BA0}.Release|Any CPU.ActiveCfg = Release|Any CPU
		{A21D2787-8CE5-43A4-A3C8-4CE327B77BA0}.Release|Any CPU.Build.0 = Release|Any CPU
		{A21D2787-8CE5-43A4-A3C8-4CE327B77BA0}.Release|Any CPU.Deploy.0 = Release|Any CPU
		{A21D2787-8CE5-43A4-A3C8-4CE327B77BA0}.Release|iPhone.ActiveCfg = Release|Any CPU
		{A21D2787-8CE5-43A4-A3C8-4CE327B77BA0}.Release|iPhone.Build.0 = Release|Any CPU
		{A21D2787-8CE5-43A4-A3C8-4CE327B77BA0}.Release|iPhone.Deploy.0 = Release|Any CPU
		{A21D2787-8CE5-43A4-A3C8-4CE327B77BA0}.Release|iPhoneSimulator.ActiveCfg = Release|Any CPU
		{A21D2787-8CE5-43A4-A3C8-4CE327B77BA0}.Release|iPhoneSimulator.Build.0 = Release|Any CPU
		{A21D2787-8CE5-43A4-A3C8-4CE327B77BA0}.Release|iPhoneSimulator.Deploy.0 = Release|Any CPU
		{A152050A-1A82-44C5-9B59-8825B77BCA28}.Ad-Hoc|Any CPU.ActiveCfg = Ad-Hoc|iPhone
		{A152050A-1A82-44C5-9B59-8825B77BCA28}.Ad-Hoc|Any CPU.Build.0 = Ad-Hoc|iPhone
		{A152050A-1A82-44C5-9B59-8825B77BCA28}.Ad-Hoc|Any CPU.Deploy.0 = Ad-Hoc|iPhone
		{A152050A-1A82-44C5-9B59-8825B77BCA28}.Ad-Hoc|iPhone.ActiveCfg = Ad-Hoc|iPhone
		{A152050A-1A82-44C5-9B59-8825B77BCA28}.Ad-Hoc|iPhone.Build.0 = Ad-Hoc|iPhone
		{A152050A-1A82-44C5-9B59-8825B77BCA28}.Ad-Hoc|iPhone.Deploy.0 = Ad-Hoc|iPhone
		{A152050A-1A82-44C5-9B59-8825B77BCA28}.Ad-Hoc|iPhoneSimulator.ActiveCfg = Ad-Hoc|iPhoneSimulator
		{A152050A-1A82-44C5-9B59-8825B77BCA28}.Ad-Hoc|iPhoneSimulator.Build.0 = Ad-Hoc|iPhoneSimulator
		{A152050A-1A82-44C5-9B59-8825B77BCA28}.Ad-Hoc|iPhoneSimulator.Deploy.0 = Ad-Hoc|iPhoneSimulator
		{A152050A-1A82-44C5-9B59-8825B77BCA28}.AppStore|Any CPU.ActiveCfg = AppStore|iPhone
		{A152050A-1A82-44C5-9B59-8825B77BCA28}.AppStore|Any CPU.Build.0 = AppStore|iPhone
		{A152050A-1A82-44C5-9B59-8825B77BCA28}.AppStore|Any CPU.Deploy.0 = AppStore|iPhone
		{A152050A-1A82-44C5-9B59-8825B77BCA28}.AppStore|iPhone.ActiveCfg = AppStore|iPhone
		{A152050A-1A82-44C5-9B59-8825B77BCA28}.AppStore|iPhone.Build.0 = AppStore|iPhone
		{A152050A-1A82-44C5-9B59-8825B77BCA28}.AppStore|iPhone.Deploy.0 = AppStore|iPhone
		{A152050A-1A82-44C5-9B59-8825B77BCA28}.AppStore|iPhoneSimulator.ActiveCfg = AppStore|iPhoneSimulator
		{A152050A-1A82-44C5-9B59-8825B77BCA28}.AppStore|iPhoneSimulator.Build.0 = AppStore|iPhoneSimulator
		{A152050A-1A82-44C5-9B59-8825B77BCA28}.AppStore|iPhoneSimulator.Deploy.0 = AppStore|iPhoneSimulator
		{A152050A-1A82-44C5-9B59-8825B77BCA28}.Debug|Any CPU.ActiveCfg = Debug|iPhoneSimulator
		{A152050A-1A82-44C5-9B59-8825B77BCA28}.Debug|Any CPU.Build.0 = Debug|iPhoneSimulator
		{A152050A-1A82-44C5-9B59-8825B77BCA28}.Debug|Any CPU.Deploy.0 = Debug|iPhoneSimulator
		{A152050A-1A82-44C5-9B59-8825B77BCA28}.Debug|iPhone.ActiveCfg = Debug|iPhone
		{A152050A-1A82-44C5-9B59-8825B77BCA28}.Debug|iPhone.Build.0 = Debug|iPhone
		{A152050A-1A82-44C5-9B59-8825B77BCA28}.Debug|iPhone.Deploy.0 = Debug|iPhone
		{A152050A-1A82-44C5-9B59-8825B77BCA28}.Debug|iPhoneSimulator.ActiveCfg = Debug|iPhoneSimulator
		{A152050A-1A82-44C5-9B59-8825B77BCA28}.Debug|iPhoneSimulator.Build.0 = Debug|iPhoneSimulator
		{A152050A-1A82-44C5-9B59-8825B77BCA28}.Debug|iPhoneSimulator.Deploy.0 = Debug|iPhoneSimulator
		{A152050A-1A82-44C5-9B59-8825B77BCA28}.Release|Any CPU.ActiveCfg = Release|iPhone
		{A152050A-1A82-44C5-9B59-8825B77BCA28}.Release|Any CPU.Build.0 = Release|iPhone
		{A152050A-1A82-44C5-9B59-8825B77BCA28}.Release|Any CPU.Deploy.0 = Release|iPhone
		{A152050A-1A82-44C5-9B59-8825B77BCA28}.Release|iPhone.ActiveCfg = Release|iPhone
		{A152050A-1A82-44C5-9B59-8825B77BCA28}.Release|iPhone.Build.0 = Release|iPhone
		{A152050A-1A82-44C5-9B59-8825B77BCA28}.Release|iPhone.Deploy.0 = Release|iPhone
		{A152050A-1A82-44C5-9B59-8825B77BCA28}.Release|iPhoneSimulator.ActiveCfg = Release|iPhoneSimulator
		{A152050A-1A82-44C5-9B59-8825B77BCA28}.Release|iPhoneSimulator.Build.0 = Release|iPhoneSimulator
		{A152050A-1A82-44C5-9B59-8825B77BCA28}.Release|iPhoneSimulator.Deploy.0 = Release|iPhoneSimulator
		{D1D8866A-BB02-4567-9EAE-23A105774D6D}.Ad-Hoc|Any CPU.ActiveCfg = Debug|Any CPU
		{D1D8866A-BB02-4567-9EAE-23A105774D6D}.Ad-Hoc|Any CPU.Build.0 = Debug|Any CPU
		{D1D8866A-BB02-4567-9EAE-23A105774D6D}.Ad-Hoc|Any CPU.Deploy.0 = Debug|Any CPU
		{D1D8866A-BB02-4567-9EAE-23A105774D6D}.Ad-Hoc|iPhone.ActiveCfg = Debug|Any CPU
		{D1D8866A-BB02-4567-9EAE-23A105774D6D}.Ad-Hoc|iPhone.Build.0 = Debug|Any CPU
		{D1D8866A-BB02-4567-9EAE-23A105774D6D}.Ad-Hoc|iPhone.Deploy.0 = Debug|Any CPU
		{D1D8866A-BB02-4567-9EAE-23A105774D6D}.Ad-Hoc|iPhoneSimulator.ActiveCfg = Debug|Any CPU
		{D1D8866A-BB02-4567-9EAE-23A105774D6D}.Ad-Hoc|iPhoneSimulator.Build.0 = Debug|Any CPU
		{D1D8866A-BB02-4567-9EAE-23A105774D6D}.Ad-Hoc|iPhoneSimulator.Deploy.0 = Debug|Any CPU
		{D1D8866A-BB02-4567-9EAE-23A105774D6D}.AppStore|Any CPU.ActiveCfg = Debug|Any CPU
		{D1D8866A-BB02-4567-9EAE-23A105774D6D}.AppStore|Any CPU.Build.0 = Debug|Any CPU
		{D1D8866A-BB02-4567-9EAE-23A105774D6D}.AppStore|Any CPU.Deploy.0 = Debug|Any CPU
		{D1D8866A-BB02-4567-9EAE-23A105774D6D}.AppStore|iPhone.ActiveCfg = Debug|Any CPU
		{D1D8866A-BB02-4567-9EAE-23A105774D6D}.AppStore|iPhone.Build.0 = Debug|Any CPU
		{D1D8866A-BB02-4567-9EAE-23A105774D6D}.AppStore|iPhone.Deploy.0 = Debug|Any CPU
		{D1D8866A-BB02-4567-9EAE-23A105774D6D}.AppStore|iPhoneSimulator.ActiveCfg = Debug|Any CPU
		{D1D8866A-BB02-4567-9EAE-23A105774D6D}.AppStore|iPhoneSimulator.Build.0 = Debug|Any CPU
		{D1D8866A-BB02-4567-9EAE-23A105774D6D}.AppStore|iPhoneSimulator.Deploy.0 = Debug|Any CPU
		{D1D8866A-BB02-4567-9EAE-23A105774D6D}.Debug|Any CPU.ActiveCfg = Debug|Any CPU
		{D1D8866A-BB02-4567-9EAE-23A105774D6D}.Debug|Any CPU.Build.0 = Debug|Any CPU
		{D1D8866A-BB02-4567-9EAE-23A105774D6D}.Debug|Any CPU.Deploy.0 = Debug|Any CPU
		{D1D8866A-BB02-4567-9EAE-23A105774D6D}.Debug|iPhone.ActiveCfg = Debug|Any CPU
		{D1D8866A-BB02-4567-9EAE-23A105774D6D}.Debug|iPhone.Build.0 = Debug|Any CPU
		{D1D8866A-BB02-4567-9EAE-23A105774D6D}.Debug|iPhone.Deploy.0 = Debug|Any CPU
		{D1D8866A-BB02-4567-9EAE-23A105774D6D}.Debug|iPhoneSimulator.ActiveCfg = Debug|Any CPU
		{D1D8866A-BB02-4567-9EAE-23A105774D6D}.Debug|iPhoneSimulator.Build.0 = Debug|Any CPU
		{D1D8866A-BB02-4567-9EAE-23A105774D6D}.Debug|iPhoneSimulator.Deploy.0 = Debug|Any CPU
		{D1D8866A-BB02-4567-9EAE-23A105774D6D}.Release|Any CPU.ActiveCfg = Release|Any CPU
		{D1D8866A-BB02-4567-9EAE-23A105774D6D}.Release|Any CPU.Build.0 = Release|Any CPU
		{D1D8866A-BB02-4567-9EAE-23A105774D6D}.Release|Any CPU.Deploy.0 = Release|Any CPU
		{D1D8866A-BB02-4567-9EAE-23A105774D6D}.Release|iPhone.ActiveCfg = Release|Any CPU
		{D1D8866A-BB02-4567-9EAE-23A105774D6D}.Release|iPhone.Build.0 = Release|Any CPU
		{D1D8866A-BB02-4567-9EAE-23A105774D6D}.Release|iPhone.Deploy.0 = Release|Any CPU
		{D1D8866A-BB02-4567-9EAE-23A105774D6D}.Release|iPhoneSimulator.ActiveCfg = Release|Any CPU
		{D1D8866A-BB02-4567-9EAE-23A105774D6D}.Release|iPhoneSimulator.Build.0 = Release|Any CPU
		{D1D8866A-BB02-4567-9EAE-23A105774D6D}.Release|iPhoneSimulator.Deploy.0 = Release|Any CPU
	EndGlobalSection
	GlobalSection(SolutionProperties) = preSolution
		HideSolutionNode = FALSE
	EndGlobalSection
	GlobalSection(ExtensibilityGlobals) = postSolution
		SolutionGuid = {FA235580-1DF8-4DD5-9A2B-AE63FD245AD4}
	EndGlobalSection
EndGlobal
